
Microsoft Visual Studio Solution File, Format Version 12.00
# Visual Studio Version 16
VisualStudioVersion = 16.0.30717.126
MinimumVisualStudioVersion = 10.0.40219.1
Project("{FAE04EC0-301F-11D3-BF4B-00C04F79EFBC}") = "FriendChatApp", "FriendChatApp.csproj", "{3F93720A-7A10-475C-9568-6C3F149C13D2}"
EndProject
Project("{FAE04EC0-301F-11D3-BF4B-00C04F79EFBC}") = "OAML", "..\OAML\OAML.csproj", "{D4C89521-B75D-4DD3-B408-CDE9FC8BA6A2}"
EndProject
Project("{FAE04EC0-301F-11D3-BF4B-00C04F79EFBC}") = "OAML.Security", "..\OAML.Security\OAML.Security.csproj", "{D1A701C3-1A89-4437-8B8B-2515DFE66217}"
EndProject
Global
	GlobalSection(SolutionConfigurationPlatforms) = preSolution
		Debug|Any CPU = Debug|Any CPU
		Release|Any CPU = Release|Any CPU
	EndGlobalSection
	GlobalSection(ProjectConfigurationPlatforms) = postSolution
		{3F93720A-7A10-475C-9568-6C3F149C13D2}.Debug|Any CPU.ActiveCfg = Debug|Any CPU
		{3F93720A-7A10-475C-9568-6C3F149C13D2}.Debug|Any CPU.Build.0 = Debug|Any CPU
		{3F93720A-7A10-475C-9568-6C3F149C13D2}.Release|Any CPU.ActiveCfg = Release|Any CPU
		{3F93720A-7A10-475C-9568-6C3F149C13D2}.Release|Any CPU.Build.0 = Release|Any CPU
		{D4C89521-B75D-4DD3-B408-CDE9FC8BA6A2}.Debug|Any CPU.ActiveCfg = Debug|Any CPU
		{D4C89521-B75D-4DD3-B408-CDE9FC8BA6A2}.Debug|Any CPU.Build.0 = Debug|Any CPU
		{D4C89521-B75D-4DD3-B408-CDE9FC8BA6A2}.Release|Any CPU.ActiveCfg = Release|Any CPU
		{D4C89521-B75D-4DD3-B408-CDE9FC8BA6A2}.Release|Any CPU.Build.0 = Release|Any CPU
		{D1A701C3-1A89-4437-8B8B-2515DFE66217}.Debug|Any CPU.ActiveCfg = Debug|Any CPU
		{D1A701C3-1A89-4437-8B8B-2515DFE66217}.Debug|Any CPU.Build.0 = Debug|Any CPU
		{D1A701C3-1A89-4437-8B8B-2515DFE66217}.Release|Any CPU.ActiveCfg = Release|Any CPU
		{D1A701C3-1A89-4437-8B8B-2515DFE66217}.Release|Any CPU.Build.0 = Release|Any CPU
	EndGlobalSection
	GlobalSection(SolutionProperties) = preSolution
		HideSolutionNode = FALSE
	EndGlobalSection
	GlobalSection(ExtensibilityGlobals) = postSolution
		SolutionGuid = {7C94DD95-EC73-46A4-B631-203FEE917CEC}
	EndGlobalSection
EndGlobal
